{
  "name": "h3",
  "version": "1.0.0",
  "lockfileVersion": 2,
  "requires": true,
  "packages": {
    "": {
      "name": "h3",
      "version": "1.0.0",
      "license": "ISC",
      "dependencies": {
        "geojson2h3": "^1.2.0",
        "h3-js": "^4.1.0"
      }
    },
    "node_modules/geojson2h3": {
      "version": "1.2.0",
      "resolved": "https://registry.npmjs.org/geojson2h3/-/geojson2h3-1.2.0.tgz",
      "integrity": "sha512-UF8JLT4mPHSSKFWibBrdRbEkN0nQVWawjgodwoKUjB8jTJ/AB9uTkvlVmSC/eE6Ysy0pJdL36ogEg8qCt27r5g==",
      "dependencies": {
        "h3-js": "^3.6.1"
      },
      "engines": {
        "node": ">=4",
        "npm": ">=3",
        "yarn": ">=1.3.0"
      }
    },
    "node_modules/geojson2h3/node_modules/h3-js": {
      "version": "3.7.2",
      "resolved": "https://registry.npmjs.org/h3-js/-/h3-js-3.7.2.tgz",
      "integrity": "sha512-LPjlHSwB9zQZrMqKloCZmmmt3yZzIK7nqPcXqwU93zT3TtYG6jP4tZBzAPouxut7lLjdFbMQ75wRBiKfpsnY7w==",
      "engines": {
        "node": ">=4",
        "npm": ">=3",
        "yarn": ">=1.3.0"
      }
    },
    "node_modules/h3-js": {
      "version": "4.1.0",
      "resolved": "https://registry.npmjs.org/h3-js/-/h3-js-4.1.0.tgz",
      "integrity": "sha512-LQhmMl1dRQQjMXPzJc7MpZ/CqPOWWuAvVEoVJM9n/s7vHypj+c3Pd5rLQCkAsOgAoAYKbNCsYFE++LF7MvSfCQ==",
      "engines": {
        "node": ">=4",
        "npm": ">=3",
        "yarn": ">=1.3.0"
      }
    }
  },
  "dependencies": {
    "geojson2h3": {
      "version": "1.2.0",
      "resolved": "https://registry.npmjs.org/geojson2h3/-/geojson2h3-1.2.0.tgz",
      "integrity": "sha512-UF8JLT4mPHSSKFWibBrdRbEkN0nQVWawjgodwoKUjB8jTJ/AB9uTkvlVmSC/eE6Ysy0pJdL36ogEg8qCt27r5g==",
      "requires": {
        "h3-js": "^3.6.1"
      },
      "dependencies": {
        "h3-js": {
          "version": "3.7.2",
          "resolved": "https://registry.npmjs.org/h3-js/-/h3-js-3.7.2.tgz",
          "integrity": "sha512-LPjlHSwB9zQZrMqKloCZmmmt3yZzIK7nqPcXqwU93zT3TtYG6jP4tZBzAPouxut7lLjdFbMQ75wRBiKfpsnY7w=="
        }
      }
    },
    "h3-js": {
      "version": "4.1.0",
      "resolved": "https://registry.npmjs.org/h3-js/-/h3-js-4.1.0.tgz",
      "integrity": "sha512-LQhmMl1dRQQjMXPzJc7MpZ/CqPOWWuAvVEoVJM9n/s7vHypj+c3Pd5rLQCkAsOgAoAYKbNCsYFE++LF7MvSfCQ=="
    }
  }
}
